
Microsoft Visual Studio Solution File, Format Version 12.00
# Visual Studio 14
VisualStudioVersion = 14.0.25420.1
MinimumVisualStudioVersion = 10.0.40219.1
Project("{FAE04EC0-301F-11D3-BF4B-00C04F79EFBC}") = "BanMayBay", "BanMayBay\BanMayBay.csproj", "{3E99D3D6-0C90-4FD3-8BAA-57A8FF627289}"
EndProject
Project("{54435603-DBB4-11D2-8724-00A0C9A8B90C}") = "DoAnTTCN", "DoAnTTCN\DoAnTTCN.vdproj", "{060BE36D-F00E-4FA0-9FEF-F76AB0AE58EA}"
EndProject
Global
	GlobalSection(SolutionConfigurationPlatforms) = preSolution
		Debug|Any CPU = Debug|Any CPU
		Release|Any CPU = Release|Any CPU
	EndGlobalSection
	GlobalSection(ProjectConfigurationPlatforms) = postSolution
		{3E99D3D6-0C90-4FD3-8BAA-57A8FF627289}.Debug|Any CPU.ActiveCfg = Debug|Any CPU
		{3E99D3D6-0C90-4FD3-8BAA-57A8FF627289}.Debug|Any CPU.Build.0 = Debug|Any CPU
		{3E99D3D6-0C90-4FD3-8BAA-57A8FF627289}.Release|Any CPU.ActiveCfg = Release|Any CPU
		{3E99D3D6-0C90-4FD3-8BAA-57A8FF627289}.Release|Any CPU.Build.0 = Release|Any CPU
		{060BE36D-F00E-4FA0-9FEF-F76AB0AE58EA}.Debug|Any CPU.ActiveCfg = Debug
		{060BE36D-F00E-4FA0-9FEF-F76AB0AE58EA}.Release|Any CPU.ActiveCfg = Release
	EndGlobalSection
	GlobalSection(SolutionProperties) = preSolution
		HideSolutionNode = FALSE
	EndGlobalSection
EndGlobal
